// !$*UTF8*$!
{
	archiveVersion = 1;
	classes = {
	};
	objectVersion = 50;
	objects = {

/* Begin PBXBuildFile section */
		BD794E9A249368370092C659 /* Result+Extensions.swift in Sources */ = {isa = PBXBuildFile; fileRef = BD794E99249368370092C659 /* Result+Extensions.swift */; };
		BD794E9B24936A4C0092C659 /* Result+Extensions.swift in Sources */ = {isa = PBXBuildFile; fileRef = BD794E99249368370092C659 /* Result+Extensions.swift */; };
		BD794E9D2493777A0092C659 /* HelperRemote.swift in Sources */ = {isa = PBXBuildFile; fileRef = BD794E9C2493777A0092C659 /* HelperRemote.swift */; };
		BDBAE8C724901B0500292370 /* HelperProtocol.swift in Sources */ = {isa = PBXBuildFile; fileRef = BDBAE8C624901B0500292370 /* HelperProtocol.swift */; };
		BDBAE8C924901B8D00292370 /* RemoteApplicationProtocol.swift in Sources */ = {isa = PBXBuildFile; fileRef = BDBAE8C824901B8D00292370 /* RemoteApplicationProtocol.swift */; };
		BDBAE8CB24901BE900292370 /* HelperProtocol.swift in Sources */ = {isa = PBXBuildFile; fileRef = BDBAE8C624901B0500292370 /* HelperProtocol.swift */; };
		BDBAE8CC24901BEB00292370 /* RemoteApplicationProtocol.swift in Sources */ = {isa = PBXBuildFile; fileRef = BDBAE8C824901B8D00292370 /* RemoteApplicationProtocol.swift */; };
		BDBAE8CE24901C1B00292370 /* Helper.swift in Sources */ = {isa = PBXBuildFile; fileRef = BDBAE8CD24901C1B00292370 /* Helper.swift */; };
		BDBAE8D024901C8800292370 /* HelperConstants.swift in Sources */ = {isa = PBXBuildFile; fileRef = BDBAE8CF24901C8800292370 /* HelperConstants.swift */; };
		BDC4F5A6248D4916005713B0 /* AppDelegate.swift in Sources */ = {isa = PBXBuildFile; fileRef = BDC4F5A5248D4916005713B0 /* AppDelegate.swift */; };
		BDC4F5A8248D4916005713B0 /* ViewController.swift in Sources */ = {isa = PBXBuildFile; fileRef = BDC4F5A7248D4916005713B0 /* ViewController.swift */; };
		BDC4F5AA248D4918005713B0 /* Assets.xcassets in Resources */ = {isa = PBXBuildFile; fileRef = BDC4F5A9248D4918005713B0 /* Assets.xcassets */; };
		BDC4F5AD248D4918005713B0 /* Main.storyboard in Resources */ = {isa = PBXBuildFile; fileRef = BDC4F5AB248D4918005713B0 /* Main.storyboard */; };
		BDC4F5B8248D5FE4005713B0 /* ScriptexError.swift in Sources */ = {isa = PBXBuildFile; fileRef = BDC4F5B7248D5FE4005713B0 /* ScriptexError.swift */; };
		BDF14BF02490D569002BEF29 /* main.swift in Sources */ = {isa = PBXBuildFile; fileRef = BDF14BEF2490D569002BEF29 /* main.swift */; };
		BDF14BF4249111D3002BEF29 /* ScriptexError.swift in Sources */ = {isa = PBXBuildFile; fileRef = BDC4F5B7248D5FE4005713B0 /* ScriptexError.swift */; };
		BDF14BF624911201002BEF29 /* HelperExecutionService.swift in Sources */ = {isa = PBXBuildFile; fileRef = BDF14BF524911201002BEF29 /* HelperExecutionService.swift */; };
		BDF14BF72491125C002BEF29 /* CommandLine.swift in Sources */ = {isa = PBXBuildFile; fileRef = BDC4F5B5248D5909005713B0 /* CommandLine.swift */; };
		BDF1F5BC2494F5E60000B09A /* HelperConstants.swift in Sources */ = {isa = PBXBuildFile; fileRef = BDBAE8CF24901C8800292370 /* HelperConstants.swift */; };
/* End PBXBuildFile section */

/* Begin PBXFileReference section */
		BD794E99249368370092C659 /* Result+Extensions.swift */ = {isa = PBXFileReference; lastKnownFileType = sourcecode.swift; path = "Result+Extensions.swift"; sourceTree = "<group>"; };
		BD794E9C2493777A0092C659 /* HelperRemote.swift */ = {isa = PBXFileReference; lastKnownFileType = sourcecode.swift; path = HelperRemote.swift; sourceTree = "<group>"; };
		BDBAE8BF2490170800292370 /* com.abridoux.Scriptex.helper */ = {isa = PBXFileReference; explicitFileType = "compiled.mach-o.executable"; includeInIndex = 0; path = com.abridoux.Scriptex.helper; sourceTree = BUILT_PRODUCTS_DIR; };
		BDBAE8C624901B0500292370 /* HelperProtocol.swift */ = {isa = PBXFileReference; lastKnownFileType = sourcecode.swift; path = HelperProtocol.swift; sourceTree = "<group>"; };
		BDBAE8C824901B8D00292370 /* RemoteApplicationProtocol.swift */ = {isa = PBXFileReference; lastKnownFileType = sourcecode.swift; path = RemoteApplicationProtocol.swift; sourceTree = "<group>"; };
		BDBAE8CD24901C1B00292370 /* Helper.swift */ = {isa = PBXFileReference; lastKnownFileType = sourcecode.swift; path = Helper.swift; sourceTree = "<group>"; };
		BDBAE8CF24901C8800292370 /* HelperConstants.swift */ = {isa = PBXFileReference; lastKnownFileType = sourcecode.swift; path = HelperConstants.swift; sourceTree = "<group>"; };
		BDC4F5A2248D4916005713B0 /* Scriptex.app */ = {isa = PBXFileReference; explicitFileType = wrapper.application; includeInIndex = 0; path = Scriptex.app; sourceTree = BUILT_PRODUCTS_DIR; };
		BDC4F5A5248D4916005713B0 /* AppDelegate.swift */ = {isa = PBXFileReference; lastKnownFileType = sourcecode.swift; path = AppDelegate.swift; sourceTree = "<group>"; };
		BDC4F5A7248D4916005713B0 /* ViewController.swift */ = {isa = PBXFileReference; lastKnownFileType = sourcecode.swift; path = ViewController.swift; sourceTree = "<group>"; };
		BDC4F5A9248D4918005713B0 /* Assets.xcassets */ = {isa = PBXFileReference; lastKnownFileType = folder.assetcatalog; path = Assets.xcassets; sourceTree = "<group>"; };
		BDC4F5AC248D4918005713B0 /* Base */ = {isa = PBXFileReference; lastKnownFileType = file.storyboard; name = Base; path = Base.lproj/Main.storyboard; sourceTree = "<group>"; };
		BDC4F5AE248D4918005713B0 /* Info.plist */ = {isa = PBXFileReference; lastKnownFileType = text.plist.xml; path = Info.plist; sourceTree = "<group>"; };
		BDC4F5AF248D4918005713B0 /* Scriptex.entitlements */ = {isa = PBXFileReference; lastKnownFileType = text.plist.entitlements; path = Scriptex.entitlements; sourceTree = "<group>"; };
		BDC4F5B5248D5909005713B0 /* CommandLine.swift */ = {isa = PBXFileReference; lastKnownFileType = sourcecode.swift; path = CommandLine.swift; sourceTree = "<group>"; };
		BDC4F5B7248D5FE4005713B0 /* ScriptexError.swift */ = {isa = PBXFileReference; lastKnownFileType = sourcecode.swift; path = ScriptexError.swift; sourceTree = "<group>"; };
		BDF14BEF2490D569002BEF29 /* main.swift */ = {isa = PBXFileReference; lastKnownFileType = sourcecode.swift; path = main.swift; sourceTree = "<group>"; };
		BDF14BF524911201002BEF29 /* HelperExecutionService.swift */ = {isa = PBXFileReference; lastKnownFileType = sourcecode.swift; path = HelperExecutionService.swift; sourceTree = "<group>"; };
/* End PBXFileReference section */

/* Begin PBXFrameworksBuildPhase section */
		BDBAE8BC2490170800292370 /* Frameworks */ = {
			isa = PBXFrameworksBuildPhase;
			buildActionMask = 2147483647;
			files = (
			);
			runOnlyForDeploymentPostprocessing = 0;
		};
		BDC4F59F248D4916005713B0 /* Frameworks */ = {
			isa = PBXFrameworksBuildPhase;
			buildActionMask = 2147483647;
			files = (
			);
			runOnlyForDeploymentPostprocessing = 0;
		};
/* End PBXFrameworksBuildPhase section */

/* Begin PBXGroup section */
		BDBAE8C02490170800292370 /* Helper */ = {
			isa = PBXGroup;
			children = (
				BDBAE8CA24901BC600292370 /* XPC Protocols */,
				BDBAE8CD24901C1B00292370 /* Helper.swift */,
				BDF14BEF2490D569002BEF29 /* main.swift */,
				BDBAE8CF24901C8800292370 /* HelperConstants.swift */,
				BDF14BF524911201002BEF29 /* HelperExecutionService.swift */,
			);
			path = Helper;
			sourceTree = "<group>";
		};
		BDBAE8CA24901BC600292370 /* XPC Protocols */ = {
			isa = PBXGroup;
			children = (
				BDBAE8C624901B0500292370 /* HelperProtocol.swift */,
				BDBAE8C824901B8D00292370 /* RemoteApplicationProtocol.swift */,
			);
			path = "XPC Protocols";
			sourceTree = "<group>";
		};
		BDC4F599248D4916005713B0 = {
			isa = PBXGroup;
			children = (
				BDC4F5A4248D4916005713B0 /* Scriptex */,
				BDBAE8C02490170800292370 /* Helper */,
				BDC4F5A3248D4916005713B0 /* Products */,
			);
			sourceTree = "<group>";
		};
		BDC4F5A3248D4916005713B0 /* Products */ = {
			isa = PBXGroup;
			children = (
				BDC4F5A2248D4916005713B0 /* Scriptex.app */,
				BDBAE8BF2490170800292370 /* com.abridoux.Scriptex.helper */,
			);
			name = Products;
			sourceTree = "<group>";
		};
		BDC4F5A4248D4916005713B0 /* Scriptex */ = {
			isa = PBXGroup;
			children = (
				BDC4F5A5248D4916005713B0 /* AppDelegate.swift */,
				BDC4F5A7248D4916005713B0 /* ViewController.swift */,
				BDC4F5B5248D5909005713B0 /* CommandLine.swift */,
				BD794E9C2493777A0092C659 /* HelperRemote.swift */,
				BDC4F5B7248D5FE4005713B0 /* ScriptexError.swift */,
				BD794E99249368370092C659 /* Result+Extensions.swift */,
				BDC4F5A9248D4918005713B0 /* Assets.xcassets */,
				BDC4F5AB248D4918005713B0 /* Main.storyboard */,
				BDC4F5AE248D4918005713B0 /* Info.plist */,
				BDC4F5AF248D4918005713B0 /* Scriptex.entitlements */,
			);
			path = Scriptex;
			sourceTree = "<group>";
		};
/* End PBXGroup section */

/* Begin PBXNativeTarget section */
		BDBAE8BE2490170800292370 /* com.abridoux.Scriptex.helper */ = {
			isa = PBXNativeTarget;
			buildConfigurationList = BDBAE8C52490170800292370 /* Build configuration list for PBXNativeTarget "com.abridoux.Scriptex.helper" */;
			buildPhases = (
				BDBAE8BB2490170800292370 /* Sources */,
				BDBAE8BC2490170800292370 /* Frameworks */,
			);
			buildRules = (
			);
			dependencies = (
			);
			name = com.abridoux.Scriptex.helper;
			productName = com.abridoux.scriptex.helper;
			productReference = BDBAE8BF2490170800292370 /* com.abridoux.Scriptex.helper */;
			productType = "com.apple.product-type.tool";
		};
		BDC4F5A1248D4916005713B0 /* Scriptex */ = {
			isa = PBXNativeTarget;
			buildConfigurationList = BDC4F5B2248D4918005713B0 /* Build configuration list for PBXNativeTarget "Scriptex" */;
			buildPhases = (
				BDC4F59E248D4916005713B0 /* Sources */,
				BDC4F59F248D4916005713B0 /* Frameworks */,
				BDC4F5A0248D4916005713B0 /* Resources */,
			);
			buildRules = (
			);
			dependencies = (
			);
			name = Scriptex;
			productName = Scriptex;
			productReference = BDC4F5A2248D4916005713B0 /* Scriptex.app */;
			productType = "com.apple.product-type.application";
		};
/* End PBXNativeTarget section */

/* Begin PBXProject section */
		BDC4F59A248D4916005713B0 /* Project object */ = {
			isa = PBXProject;
			attributes = {
				LastSwiftUpdateCheck = 1140;
				LastUpgradeCheck = 1140;
				ORGANIZATIONNAME = Amaris;
				TargetAttributes = {
					BDBAE8BE2490170800292370 = {
						CreatedOnToolsVersion = 11.4;
					};
					BDC4F5A1248D4916005713B0 = {
						CreatedOnToolsVersion = 11.4;
					};
				};
			};
			buildConfigurationList = BDC4F59D248D4916005713B0 /* Build configuration list for PBXProject "Scriptex" */;
			compatibilityVersion = "Xcode 9.3";
			developmentRegion = en;
			hasScannedForEncodings = 0;
			knownRegions = (
				en,
				Base,
			);
			mainGroup = BDC4F599248D4916005713B0;
			productRefGroup = BDC4F5A3248D4916005713B0 /* Products */;
			projectDirPath = "";
			projectRoot = "";
			targets = (
				BDC4F5A1248D4916005713B0 /* Scriptex */,
				BDBAE8BE2490170800292370 /* com.abridoux.Scriptex.helper */,
			);
		};
/* End PBXProject section */

/* Begin PBXResourcesBuildPhase section */
		BDC4F5A0248D4916005713B0 /* Resources */ = {
			isa = PBXResourcesBuildPhase;
			buildActionMask = 2147483647;
			files = (
				BDC4F5AA248D4918005713B0 /* Assets.xcassets in Resources */,
				BDC4F5AD248D4918005713B0 /* Main.storyboard in Resources */,
			);
			runOnlyForDeploymentPostprocessing = 0;
		};
/* End PBXResourcesBuildPhase section */

/* Begin PBXSourcesBuildPhase section */
		BDBAE8BB2490170800292370 /* Sources */ = {
			isa = PBXSourcesBuildPhase;
			buildActionMask = 2147483647;
			files = (
				BDBAE8CC24901BEB00292370 /* RemoteApplicationProtocol.swift in Sources */,
				BDF14BF02490D569002BEF29 /* main.swift in Sources */,
				BDBAE8D024901C8800292370 /* HelperConstants.swift in Sources */,
				BDF14BF624911201002BEF29 /* HelperExecutionService.swift in Sources */,
				BD794E9B24936A4C0092C659 /* Result+Extensions.swift in Sources */,
				BDF14BF4249111D3002BEF29 /* ScriptexError.swift in Sources */,
				BDBAE8CB24901BE900292370 /* HelperProtocol.swift in Sources */,
				BDBAE8CE24901C1B00292370 /* Helper.swift in Sources */,
			);
			runOnlyForDeploymentPostprocessing = 0;
		};
		BDC4F59E248D4916005713B0 /* Sources */ = {
			isa = PBXSourcesBuildPhase;
			buildActionMask = 2147483647;
			files = (
				BDC4F5A8248D4916005713B0 /* ViewController.swift in Sources */,
				BDF1F5BC2494F5E60000B09A /* HelperConstants.swift in Sources */,
				BD794E9D2493777A0092C659 /* HelperRemote.swift in Sources */,
				BDBAE8C924901B8D00292370 /* RemoteApplicationProtocol.swift in Sources */,
				BDC4F5B8248D5FE4005713B0 /* ScriptexError.swift in Sources */,
				BDF14BF72491125C002BEF29 /* CommandLine.swift in Sources */,
				BD794E9A249368370092C659 /* Result+Extensions.swift in Sources */,
				BDC4F5A6248D4916005713B0 /* AppDelegate.swift in Sources */,
				BDBAE8C724901B0500292370 /* HelperProtocol.swift in Sources */,
			);
			runOnlyForDeploymentPostprocessing = 0;
		};
/* End PBXSourcesBuildPhase section */

/* Begin PBXVariantGroup section */
		BDC4F5AB248D4918005713B0 /* Main.storyboard */ = {
			isa = PBXVariantGroup;
			children = (
				BDC4F5AC248D4918005713B0 /* Base */,
			);
			name = Main.storyboard;
			sourceTree = "<group>";
		};
/* End PBXVariantGroup section */

/* Begin XCBuildConfiguration section */
		BDBAE8C32490170800292370 /* Debug */ = {
			isa = XCBuildConfiguration;
			buildSettings = {
				CODE_SIGN_IDENTITY = "Developer ID Application";
				CODE_SIGN_STYLE = Manual;
				DEVELOPMENT_TEAM = QMZ7ESHY49;
				ENABLE_HARDENED_RUNTIME = YES;
				INFOPLIST_FILE = "$(SRCROOT)/Helper/Info.plist";
				OTHER_LDFLAGS = "";
				PRODUCT_BUNDLE_IDENTIFIER = com.abridoux.Scriptex.helper;
				PRODUCT_NAME = "$(TARGET_NAME)";
				PROVISIONING_PROFILE_SPECIFIER = "";
				SWIFT_VERSION = 5.0;
			};
			name = Debug;
		};
		BDBAE8C42490170800292370 /* Release */ = {
			isa = XCBuildConfiguration;
			buildSettings = {
				CODE_SIGN_IDENTITY = "Developer ID Application";
				CODE_SIGN_STYLE = Manual;
				DEVELOPMENT_TEAM = QMZ7ESHY49;
				ENABLE_HARDENED_RUNTIME = YES;
				INFOPLIST_FILE = "$(SRCROOT)/Helper/Info.plist";
				OTHER_LDFLAGS = "";
				PRODUCT_BUNDLE_IDENTIFIER = com.abridoux.Scriptex.helper;
				PRODUCT_NAME = "$(TARGET_NAME)";
				PROVISIONING_PROFILE_SPECIFIER = "";
				SWIFT_VERSION = 5.0;
			};
			name = Release;
		};
		BDC4F5B0248D4918005713B0 /* Debug */ = {
			isa = XCBuildConfiguration;
			buildSettings = {
				ALWAYS_SEARCH_USER_PATHS = NO;
				CLANG_ANALYZER_NONNULL = YES;
				CLANG_ANALYZER_NUMBER_OBJECT_CONVERSION = YES_AGGRESSIVE;
				CLANG_CXX_LANGUAGE_STANDARD = "gnu++14";
				CLANG_CXX_LIBRARY = "libc++";
				CLANG_ENABLE_MODULES = YES;
				CLANG_ENABLE_OBJC_ARC = YES;
				CLANG_ENABLE_OBJC_WEAK = YES;
				CLANG_WARN_BLOCK_CAPTURE_AUTORELEASING = YES;
				CLANG_WARN_BOOL_CONVERSION = YES;
				CLANG_WARN_COMMA = YES;
				CLANG_WARN_CONSTANT_CONVERSION = YES;
				CLANG_WARN_DEPRECATED_OBJC_IMPLEMENTATIONS = YES;
				CLANG_WARN_DIRECT_OBJC_ISA_USAGE = YES_ERROR;
				CLANG_WARN_DOCUMENTATION_COMMENTS = YES;
				CLANG_WARN_EMPTY_BODY = YES;
				CLANG_WARN_ENUM_CONVERSION = YES;
				CLANG_WARN_INFINITE_RECURSION = YES;
				CLANG_WARN_INT_CONVERSION = YES;
				CLANG_WARN_NON_LITERAL_NULL_CONVERSION = YES;
				CLANG_WARN_OBJC_IMPLICIT_RETAIN_SELF = YES;
				CLANG_WARN_OBJC_LITERAL_CONVERSION = YES;
				CLANG_WARN_OBJC_ROOT_CLASS = YES_ERROR;
				CLANG_WARN_RANGE_LOOP_ANALYSIS = YES;
				CLANG_WARN_STRICT_PROTOTYPES = YES;
				CLANG_WARN_SUSPICIOUS_MOVE = YES;
				CLANG_WARN_UNGUARDED_AVAILABILITY = YES_AGGRESSIVE;
				CLANG_WARN_UNREACHABLE_CODE = YES;
				CLANG_WARN__DUPLICATE_METHOD_MATCH = YES;
				COPY_PHASE_STRIP = NO;
				DEBUG_INFORMATION_FORMAT = dwarf;
				ENABLE_STRICT_OBJC_MSGSEND = YES;
				ENABLE_TESTABILITY = YES;
				GCC_C_LANGUAGE_STANDARD = gnu11;
				GCC_DYNAMIC_NO_PIC = NO;
				GCC_NO_COMMON_BLOCKS = YES;
				GCC_OPTIMIZATION_LEVEL = 0;
				GCC_PREPROCESSOR_DEFINITIONS = (
					"DEBUG=1",
					"$(inherited)",
				);
				GCC_WARN_64_TO_32_BIT_CONVERSION = YES;
				GCC_WARN_ABOUT_RETURN_TYPE = YES_ERROR;
				GCC_WARN_UNDECLARED_SELECTOR = YES;
				GCC_WARN_UNINITIALIZED_AUTOS = YES_AGGRESSIVE;
				GCC_WARN_UNUSED_FUNCTION = YES;
				GCC_WARN_UNUSED_VARIABLE = YES;
				MACOSX_DEPLOYMENT_TARGET = 10.15;
				MTL_ENABLE_DEBUG_INFO = INCLUDE_SOURCE;
				MTL_FAST_MATH = YES;
				ONLY_ACTIVE_ARCH = YES;
				SDKROOT = macosx;
				SWIFT_ACTIVE_COMPILATION_CONDITIONS = DEBUG;
				SWIFT_OPTIMIZATION_LEVEL = "-Onone";
			};
			name = Debug;
		};
		BDC4F5B1248D4918005713B0 /* Release */ = {
			isa = XCBuildConfiguration;
			buildSettings = {
				ALWAYS_SEARCH_USER_PATHS = NO;
				CLANG_ANALYZER_NONNULL = YES;
				CLANG_ANALYZER_NUMBER_OBJECT_CONVERSION = YES_AGGRESSIVE;
				CLANG_CXX_LANGUAGE_STANDARD = "gnu++14";
				CLANG_CXX_LIBRARY = "libc++";
				CLANG_ENABLE_MODULES = YES;
				CLANG_ENABLE_OBJC_ARC = YES;
				CLANG_ENABLE_OBJC_WEAK = YES;
				CLANG_WARN_BLOCK_CAPTURE_AUTORELEASING = YES;
				CLANG_WARN_BOOL_CONVERSION = YES;
				CLANG_WARN_COMMA = YES;
				CLANG_WARN_CONSTANT_CONVERSION = YES;
				CLANG_WARN_DEPRECATED_OBJC_IMPLEMENTATIONS = YES;
				CLANG_WARN_DIRECT_OBJC_ISA_USAGE = YES_ERROR;
				CLANG_WARN_DOCUMENTATION_COMMENTS = YES;
				CLANG_WARN_EMPTY_BODY = YES;
				CLANG_WARN_ENUM_CONVERSION = YES;
				CLANG_WARN_INFINITE_RECURSION = YES;
				CLANG_WARN_INT_CONVERSION = YES;
				CLANG_WARN_NON_LITERAL_NULL_CONVERSION = YES;
				CLANG_WARN_OBJC_IMPLICIT_RETAIN_SELF = YES;
				CLANG_WARN_OBJC_LITERAL_CONVERSION = YES;
				CLANG_WARN_OBJC_ROOT_CLASS = YES_ERROR;
				CLANG_WARN_RANGE_LOOP_ANALYSIS = YES;
				CLANG_WARN_STRICT_PROTOTYPES = YES;
				CLANG_WARN_SUSPICIOUS_MOVE = YES;
				CLANG_WARN_UNGUARDED_AVAILABILITY = YES_AGGRESSIVE;
				CLANG_WARN_UNREACHABLE_CODE = YES;
				CLANG_WARN__DUPLICATE_METHOD_MATCH = YES;
				COPY_PHASE_STRIP = NO;
				DEBUG_INFORMATION_FORMAT = "dwarf-with-dsym";
				ENABLE_NS_ASSERTIONS = NO;
				ENABLE_STRICT_OBJC_MSGSEND = YES;
				GCC_C_LANGUAGE_STANDARD = gnu11;
				GCC_NO_COMMON_BLOCKS = YES;
				GCC_WARN_64_TO_32_BIT_CONVERSION = YES;
				GCC_WARN_ABOUT_RETURN_TYPE = YES_ERROR;
				GCC_WARN_UNDECLARED_SELECTOR = YES;
				GCC_WARN_UNINITIALIZED_AUTOS = YES_AGGRESSIVE;
				GCC_WARN_UNUSED_FUNCTION = YES;
				GCC_WARN_UNUSED_VARIABLE = YES;
				MACOSX_DEPLOYMENT_TARGET = 10.15;
				MTL_ENABLE_DEBUG_INFO = NO;
				MTL_FAST_MATH = YES;
				SDKROOT = macosx;
				SWIFT_COMPILATION_MODE = wholemodule;
				SWIFT_OPTIMIZATION_LEVEL = "-O";
			};
			name = Release;
		};
		BDC4F5B3248D4918005713B0 /* Debug */ = {
			isa = XCBuildConfiguration;
			buildSettings = {
				ASSETCATALOG_COMPILER_APPICON_NAME = AppIcon;
				CODE_SIGN_ENTITLEMENTS = Scriptex/Scriptex.entitlements;
				CODE_SIGN_IDENTITY = "Developer ID Application";
				CODE_SIGN_STYLE = Manual;
				COMBINE_HIDPI_IMAGES = YES;
				DEVELOPMENT_TEAM = QMZ7ESHY49;
				ENABLE_HARDENED_RUNTIME = YES;
				INFOPLIST_FILE = Scriptex/Info.plist;
				LD_RUNPATH_SEARCH_PATHS = (
					"$(inherited)",
					"@executable_path/../Frameworks",
				);
				PRODUCT_BUNDLE_IDENTIFIER = com.abridoux.Scriptex;
				PRODUCT_NAME = "$(TARGET_NAME)";
				PROVISIONING_PROFILE_SPECIFIER = "";
				SWIFT_VERSION = 5.0;
			};
			name = Debug;
		};
		BDC4F5B4248D4918005713B0 /* Release */ = {
			isa = XCBuildConfiguration;
			buildSettings = {
				ASSETCATALOG_COMPILER_APPICON_NAME = AppIcon;
				CODE_SIGN_ENTITLEMENTS = Scriptex/Scriptex.entitlements;
				CODE_SIGN_IDENTITY = "Developer ID Application";
				CODE_SIGN_STYLE = Manual;
				COMBINE_HIDPI_IMAGES = YES;
				DEVELOPMENT_TEAM = QMZ7ESHY49;
				ENABLE_HARDENED_RUNTIME = YES;
				INFOPLIST_FILE = Scriptex/Info.plist;
				LD_RUNPATH_SEARCH_PATHS = (
					"$(inherited)",
					"@executable_path/../Frameworks",
				);
				PRODUCT_BUNDLE_IDENTIFIER = com.abridoux.Scriptex;
				PRODUCT_NAME = "$(TARGET_NAME)";
				PROVISIONING_PROFILE_SPECIFIER = "";
				SWIFT_VERSION = 5.0;
			};
			name = Release;
		};
/* End XCBuildConfiguration section */

/* Begin XCConfigurationList section */
		BDBAE8C52490170800292370 /* Build configuration list for PBXNativeTarget "com.abridoux.Scriptex.helper" */ = {
			isa = XCConfigurationList;
			buildConfigurations = (
				BDBAE8C32490170800292370 /* Debug */,
				BDBAE8C42490170800292370 /* Release */,
			);
			defaultConfigurationIsVisible = 0;
			defaultConfigurationName = Release;
		};
		BDC4F59D248D4916005713B0 /* Build configuration list for PBXProject "Scriptex" */ = {
			isa = XCConfigurationList;
			buildConfigurations = (
				BDC4F5B0248D4918005713B0 /* Debug */,
				BDC4F5B1248D4918005713B0 /* Release */,
			);
			defaultConfigurationIsVisible = 0;
			defaultConfigurationName = Release;
		};
		BDC4F5B2248D4918005713B0 /* Build configuration list for PBXNativeTarget "Scriptex" */ = {
			isa = XCConfigurationList;
			buildConfigurations = (
				BDC4F5B3248D4918005713B0 /* Debug */,
				BDC4F5B4248D4918005713B0 /* Release */,
			);
			defaultConfigurationIsVisible = 0;
			defaultConfigurationName = Release;
		};
/* End XCConfigurationList section */
	};
	rootObject = BDC4F59A248D4916005713B0 /* Project object */;
}
